// !$*UTF8*$!
{
	archiveVersion = 1;
	classes = {
	};
	objectVersion = 50;
	objects = {

/* Begin PBXBuildFile section */
		A8ACF36B3AB72C2930EED6D7 /* Pods_RepoApp.framework in Frameworks */ = {isa = PBXBuildFile; fileRef = 3169EF41F0DB1EC99825B1DD /* Pods_RepoApp.framework */; };
		EFEE331E23E17A6500D6A180 /* AppDelegate.swift in Sources */ = {isa = PBXBuildFile; fileRef = EFEE331D23E17A6500D6A180 /* AppDelegate.swift */; };
		EFEE332023E17A6500D6A180 /* SceneDelegate.swift in Sources */ = {isa = PBXBuildFile; fileRef = EFEE331F23E17A6500D6A180 /* SceneDelegate.swift */; };
		EFEE332223E17A6500D6A180 /* ViewController.swift in Sources */ = {isa = PBXBuildFile; fileRef = EFEE332123E17A6500D6A180 /* ViewController.swift */; };
		EFEE332523E17A6500D6A180 /* Main.storyboard in Resources */ = {isa = PBXBuildFile; fileRef = EFEE332323E17A6500D6A180 /* Main.storyboard */; };
		EFEE332723E17A6500D6A180 /* Assets.xcassets in Resources */ = {isa = PBXBuildFile; fileRef = EFEE332623E17A6500D6A180 /* Assets.xcassets */; };
		EFEE332A23E17A6500D6A180 /* LaunchScreen.storyboard in Resources */ = {isa = PBXBuildFile; fileRef = EFEE332823E17A6500D6A180 /* LaunchScreen.storyboard */; };
		EFEE333223E17E3C00D6A180 /* NewViewController.swift in Sources */ = {isa = PBXBuildFile; fileRef = EFEE333123E17E3C00D6A180 /* NewViewController.swift */; };
/* End PBXBuildFile section */

/* Begin PBXFileReference section */
		3169EF41F0DB1EC99825B1DD /* Pods_RepoApp.framework */ = {isa = PBXFileReference; explicitFileType = wrapper.framework; includeInIndex = 0; path = Pods_RepoApp.framework; sourceTree = BUILT_PRODUCTS_DIR; };
		8C1771CD6729AC756C236E21 /* Pods-RepoApp.debug.xcconfig */ = {isa = PBXFileReference; includeInIndex = 1; lastKnownFileType = text.xcconfig; name = "Pods-RepoApp.debug.xcconfig"; path = "Target Support Files/Pods-RepoApp/Pods-RepoApp.debug.xcconfig"; sourceTree = "<group>"; };
		9AF6EAF50B798F75083CAB29 /* Pods-RepoApp.release.xcconfig */ = {isa = PBXFileReference; includeInIndex = 1; lastKnownFileType = text.xcconfig; name = "Pods-RepoApp.release.xcconfig"; path = "Target Support Files/Pods-RepoApp/Pods-RepoApp.release.xcconfig"; sourceTree = "<group>"; };
		EFEE331A23E17A6500D6A180 /* RepoApp.app */ = {isa = PBXFileReference; explicitFileType = wrapper.application; includeInIndex = 0; path = RepoApp.app; sourceTree = BUILT_PRODUCTS_DIR; };
		EFEE331D23E17A6500D6A180 /* AppDelegate.swift */ = {isa = PBXFileReference; lastKnownFileType = sourcecode.swift; path = AppDelegate.swift; sourceTree = "<group>"; };
		EFEE331F23E17A6500D6A180 /* SceneDelegate.swift */ = {isa = PBXFileReference; lastKnownFileType = sourcecode.swift; path = SceneDelegate.swift; sourceTree = "<group>"; };
		EFEE332123E17A6500D6A180 /* ViewController.swift */ = {isa = PBXFileReference; lastKnownFileType = sourcecode.swift; path = ViewController.swift; sourceTree = "<group>"; };
		EFEE332423E17A6500D6A180 /* Base */ = {isa = PBXFileReference; lastKnownFileType = file.storyboard; name = Base; path = Base.lproj/Main.storyboard; sourceTree = "<group>"; };
		EFEE332623E17A6500D6A180 /* Assets.xcassets */ = {isa = PBXFileReference; lastKnownFileType = folder.assetcatalog; path = Assets.xcassets; sourceTree = "<group>"; };
		EFEE332923E17A6500D6A180 /* Base */ = {isa = PBXFileReference; lastKnownFileType = file.storyboard; name = Base; path = Base.lproj/LaunchScreen.storyboard; sourceTree = "<group>"; };
		EFEE332B23E17A6500D6A180 /* Info.plist */ = {isa = PBXFileReference; lastKnownFileType = text.plist.xml; path = Info.plist; sourceTree = "<group>"; };
		EFEE333123E17E3C00D6A180 /* NewViewController.swift */ = {isa = PBXFileReference; lastKnownFileType = sourcecode.swift; path = NewViewController.swift; sourceTree = "<group>"; };
/* End PBXFileReference section */

/* Begin PBXFrameworksBuildPhase section */
		EFEE331723E17A6500D6A180 /* Frameworks */ = {
			isa = PBXFrameworksBuildPhase;
			buildActionMask = 2147483647;
			files = (
				A8ACF36B3AB72C2930EED6D7 /* Pods_RepoApp.framework in Frameworks */,
			);
			runOnlyForDeploymentPostprocessing = 0;
		};
/* End PBXFrameworksBuildPhase section */

/* Begin PBXGroup section */
		5B55EC2A311E38E4DB22A701 /* Pods */ = {
			isa = PBXGroup;
			children = (
				8C1771CD6729AC756C236E21 /* Pods-RepoApp.debug.xcconfig */,
				9AF6EAF50B798F75083CAB29 /* Pods-RepoApp.release.xcconfig */,
			);
			name = Pods;
			path = Pods;
			sourceTree = "<group>";
		};
		EFEE331123E17A6500D6A180 = {
			isa = PBXGroup;
			children = (
				EFEE331C23E17A6500D6A180 /* RepoApp */,
				EFEE331B23E17A6500D6A180 /* Products */,
				5B55EC2A311E38E4DB22A701 /* Pods */,
				F7B78189CBB16BA8B79B6D21 /* Frameworks */,
			);
			sourceTree = "<group>";
		};
		EFEE331B23E17A6500D6A180 /* Products */ = {
			isa = PBXGroup;
			children = (
				EFEE331A23E17A6500D6A180 /* RepoApp.app */,
			);
			name = Products;
			sourceTree = "<group>";
		};
		EFEE331C23E17A6500D6A180 /* RepoApp */ = {
			isa = PBXGroup;
			children = (
				EFEE331D23E17A6500D6A180 /* AppDelegate.swift */,
				EFEE331F23E17A6500D6A180 /* SceneDelegate.swift */,
				EFEE332123E17A6500D6A180 /* ViewController.swift */,
				EFEE332323E17A6500D6A180 /* Main.storyboard */,
				EFEE332623E17A6500D6A180 /* Assets.xcassets */,
				EFEE332823E17A6500D6A180 /* LaunchScreen.storyboard */,
				EFEE332B23E17A6500D6A180 /* Info.plist */,
				EFEE333123E17E3C00D6A180 /* NewViewController.swift */,
			);
			path = RepoApp;
			sourceTree = "<group>";
		};
		F7B78189CBB16BA8B79B6D21 /* Frameworks */ = {
			isa = PBXGroup;
			children = (
				3169EF41F0DB1EC99825B1DD /* Pods_RepoApp.framework */,
			);
			name = Frameworks;
			sourceTree = "<group>";
		};
/* End PBXGroup section */

/* Begin PBXNativeTarget section */
		EFEE331923E17A6500D6A180 /* RepoApp */ = {
			isa = PBXNativeTarget;
			buildConfigurationList = EFEE332E23E17A6500D6A180 /* Build configuration list for PBXNativeTarget "RepoApp" */;
			buildPhases = (
				C9B20E641638829B07D7C6DF /* [CP] Check Pods Manifest.lock */,
				EFEE331623E17A6500D6A180 /* Sources */,
				EFEE331723E17A6500D6A180 /* Frameworks */,
				EFEE331823E17A6500D6A180 /* Resources */,
				A8036E3667EF9B46D054ABD2 /* [CP] Embed Pods Frameworks */,
			);
			buildRules = (
			);
			dependencies = (
			);
			name = RepoApp;
			productName = RepoApp;
			productReference = EFEE331A23E17A6500D6A180 /* RepoApp.app */;
			productType = "com.apple.product-type.application";
		};
/* End PBXNativeTarget section */

/* Begin PBXProject section */
		EFEE331223E17A6500D6A180 /* Project object */ = {
			isa = PBXProject;
			attributes = {
				LastSwiftUpdateCheck = 1130;
				LastUpgradeCheck = 1130;
				ORGANIZATIONNAME = TAT;
				TargetAttributes = {
					EFEE331923E17A6500D6A180 = {
						CreatedOnToolsVersion = 11.3;
					};
				};
			};
			buildConfigurationList = EFEE331523E17A6500D6A180 /* Build configuration list for PBXProject "RepoApp" */;
			compatibilityVersion = "Xcode 9.3";
			developmentRegion = en;
			hasScannedForEncodings = 0;
			knownRegions = (
				en,
				Base,
			);
			mainGroup = EFEE331123E17A6500D6A180;
			productRefGroup = EFEE331B23E17A6500D6A180 /* Products */;
			projectDirPath = "";
			projectRoot = "";
			targets = (
				EFEE331923E17A6500D6A180 /* RepoApp */,
			);
		};
/* End PBXProject section */

/* Begin PBXResourcesBuildPhase section */
		EFEE331823E17A6500D6A180 /* Resources */ = {
			isa = PBXResourcesBuildPhase;
			buildActionMask = 2147483647;
			files = (
				EFEE332A23E17A6500D6A180 /* LaunchScreen.storyboard in Resources */,
				EFEE332723E17A6500D6A180 /* Assets.xcassets in Resources */,
				EFEE332523E17A6500D6A180 /* Main.storyboard in Resources */,
			);
			runOnlyForDeploymentPostprocessing = 0;
		};
/* End PBXResourcesBuildPhase section */

/* Begin PBXShellScriptBuildPhase section */
		A8036E3667EF9B46D054ABD2 /* [CP] Embed Pods Frameworks */ = {
			isa = PBXShellScriptBuildPhase;
			buildActionMask = 2147483647;
			files = (
			);
			inputFileListPaths = (
				"${PODS_ROOT}/Target Support Files/Pods-RepoApp/Pods-RepoApp-frameworks-${CONFIGURATION}-input-files.xcfilelist",
			);
			name = "[CP] Embed Pods Frameworks";
			outputFileListPaths = (
				"${PODS_ROOT}/Target Support Files/Pods-RepoApp/Pods-RepoApp-frameworks-${CONFIGURATION}-output-files.xcfilelist",
			);
			runOnlyForDeploymentPostprocessing = 0;
			shellPath = /bin/sh;
			shellScript = "\"${PODS_ROOT}/Target Support Files/Pods-RepoApp/Pods-RepoApp-frameworks.sh\"\n";
			showEnvVarsInLog = 0;
		};
		C9B20E641638829B07D7C6DF /* [CP] Check Pods Manifest.lock */ = {
			isa = PBXShellScriptBuildPhase;
			buildActionMask = 2147483647;
			files = (
			);
			inputFileListPaths = (
			);
			inputPaths = (
				"${PODS_PODFILE_DIR_PATH}/Podfile.lock",
				"${PODS_ROOT}/Manifest.lock",
			);
			name = "[CP] Check Pods Manifest.lock";
			outputFileListPaths = (
			);
			outputPaths = (
				"$(DERIVED_FILE_DIR)/Pods-RepoApp-checkManifestLockResult.txt",
			);
			runOnlyForDeploymentPostprocessing = 0;
			shellPath = /bin/sh;
			shellScript = "diff \"${PODS_PODFILE_DIR_PATH}/Podfile.lock\" \"${PODS_ROOT}/Manifest.lock\" > /dev/null\nif [ $? != 0 ] ; then\n    # print error to STDERR\n    echo \"error: The sandbox is not in sync with the Podfile.lock. Run 'pod install' or update your CocoaPods installation.\" >&2\n    exit 1\nfi\n# This output is used by Xcode 'outputs' to avoid re-running this script phase.\necho \"SUCCESS\" > \"${SCRIPT_OUTPUT_FILE_0}\"\n";
			showEnvVarsInLog = 0;
		};
/* End PBXShellScriptBuildPhase section */

/* Begin PBXSourcesBuildPhase section */
		EFEE331623E17A6500D6A180 /* Sources */ = {
			isa = PBXSourcesBuildPhase;
			buildActionMask = 2147483647;
			files = (
				EFEE332223E17A6500D6A180 /* ViewController.swift in Sources */,
				EFEE331E23E17A6500D6A180 /* AppDelegate.swift in Sources */,
				EFEE332023E17A6500D6A180 /* SceneDelegate.swift in Sources */,
				EFEE333223E17E3C00D6A180 /* NewViewController.swift in Sources */,
			);
			runOnlyForDeploymentPostprocessing = 0;
		};
/* End PBXSourcesBuildPhase section */

/* Begin PBXVariantGroup section */
		EFEE332323E17A6500D6A180 /* Main.storyboard */ = {
			isa = PBXVariantGroup;
			children = (
				EFEE332423E17A6500D6A180 /* Base */,
			);
			name = Main.storyboard;
			sourceTree = "<group>";
		};
		EFEE332823E17A6500D6A180 /* LaunchScreen.storyboard */ = {
			isa = PBXVariantGroup;
			children = (
				EFEE332923E17A6500D6A180 /* Base */,
			);
			name = LaunchScreen.storyboard;
			sourceTree = "<group>";
		};
/* End PBXVariantGroup section */

/* Begin XCBuildConfiguration section */
		EFEE332C23E17A6500D6A180 /* Debug */ = {
			isa = XCBuildConfiguration;
			buildSettings = {
				ALWAYS_SEARCH_USER_PATHS = NO;
				CLANG_ANALYZER_NONNULL = YES;
				CLANG_ANALYZER_NUMBER_OBJECT_CONVERSION = YES_AGGRESSIVE;
				CLANG_CXX_LANGUAGE_STANDARD = "gnu++14";
				CLANG_CXX_LIBRARY = "libc++";
				CLANG_ENABLE_MODULES = YES;
				CLANG_ENABLE_OBJC_ARC = YES;
				CLANG_ENABLE_OBJC_WEAK = YES;
				CLANG_WARN_BLOCK_CAPTURE_AUTORELEASING = YES;
				CLANG_WARN_BOOL_CONVERSION = YES;
				CLANG_WARN_COMMA = YES;
				CLANG_WARN_CONSTANT_CONVERSION = YES;
				CLANG_WARN_DEPRECATED_OBJC_IMPLEMENTATIONS = YES;
				CLANG_WARN_DIRECT_OBJC_ISA_USAGE = YES_ERROR;
				CLANG_WARN_DOCUMENTATION_COMMENTS = YES;
				CLANG_WARN_EMPTY_BODY = YES;
				CLANG_WARN_ENUM_CONVERSION = YES;
				CLANG_WARN_INFINITE_RECURSION = YES;
				CLANG_WARN_INT_CONVERSION = YES;
				CLANG_WARN_NON_LITERAL_NULL_CONVERSION = YES;
				CLANG_WARN_OBJC_IMPLICIT_RETAIN_SELF = YES;
				CLANG_WARN_OBJC_LITERAL_CONVERSION = YES;
				CLANG_WARN_OBJC_ROOT_CLASS = YES_ERROR;
				CLANG_WARN_RANGE_LOOP_ANALYSIS = YES;
				CLANG_WARN_STRICT_PROTOTYPES = YES;
				CLANG_WARN_SUSPICIOUS_MOVE = YES;
				CLANG_WARN_UNGUARDED_AVAILABILITY = YES_AGGRESSIVE;
				CLANG_WARN_UNREACHABLE_CODE = YES;
				CLANG_WARN__DUPLICATE_METHOD_MATCH = YES;
				COPY_PHASE_STRIP = NO;
				DEBUG_INFORMATION_FORMAT = dwarf;
				ENABLE_STRICT_OBJC_MSGSEND = YES;
				ENABLE_TESTABILITY = YES;
				GCC_C_LANGUAGE_STANDARD = gnu11;
				GCC_DYNAMIC_NO_PIC = NO;
				GCC_NO_COMMON_BLOCKS = YES;
				GCC_OPTIMIZATION_LEVEL = 0;
				GCC_PREPROCESSOR_DEFINITIONS = (
					"DEBUG=1",
					"$(inherited)",
				);
				GCC_WARN_64_TO_32_BIT_CONVERSION = YES;
				GCC_WARN_ABOUT_RETURN_TYPE = YES_ERROR;
				GCC_WARN_UNDECLARED_SELECTOR = YES;
				GCC_WARN_UNINITIALIZED_AUTOS = YES_AGGRESSIVE;
				GCC_WARN_UNUSED_FUNCTION = YES;
				GCC_WARN_UNUSED_VARIABLE = YES;
				IPHONEOS_DEPLOYMENT_TARGET = 13.2;
				MTL_ENABLE_DEBUG_INFO = INCLUDE_SOURCE;
				MTL_FAST_MATH = YES;
				ONLY_ACTIVE_ARCH = YES;
				SDKROOT = iphoneos;
				SWIFT_ACTIVE_COMPILATION_CONDITIONS = DEBUG;
				SWIFT_OPTIMIZATION_LEVEL = "-Onone";
			};
			name = Debug;
		};
		EFEE332D23E17A6500D6A180 /* Release */ = {
			isa = XCBuildConfiguration;
			buildSettings = {
				ALWAYS_SEARCH_USER_PATHS = NO;
				CLANG_ANALYZER_NONNULL = YES;
				CLANG_ANALYZER_NUMBER_OBJECT_CONVERSION = YES_AGGRESSIVE;
				CLANG_CXX_LANGUAGE_STANDARD = "gnu++14";
				CLANG_CXX_LIBRARY = "libc++";
				CLANG_ENABLE_MODULES = YES;
				CLANG_ENABLE_OBJC_ARC = YES;
				CLANG_ENABLE_OBJC_WEAK = YES;
				CLANG_WARN_BLOCK_CAPTURE_AUTORELEASING = YES;
				CLANG_WARN_BOOL_CONVERSION = YES;
				CLANG_WARN_COMMA = YES;
				CLANG_WARN_CONSTANT_CONVERSION = YES;
				CLANG_WARN_DEPRECATED_OBJC_IMPLEMENTATIONS = YES;
				CLANG_WARN_DIRECT_OBJC_ISA_USAGE = YES_ERROR;
				CLANG_WARN_DOCUMENTATION_COMMENTS = YES;
				CLANG_WARN_EMPTY_BODY = YES;
				CLANG_WARN_ENUM_CONVERSION = YES;
				CLANG_WARN_INFINITE_RECURSION = YES;
				CLANG_WARN_INT_CONVERSION = YES;
				CLANG_WARN_NON_LITERAL_NULL_CONVERSION = YES;
				CLANG_WARN_OBJC_IMPLICIT_RETAIN_SELF = YES;
				CLANG_WARN_OBJC_LITERAL_CONVERSION = YES;
				CLANG_WARN_OBJC_ROOT_CLASS = YES_ERROR;
				CLANG_WARN_RANGE_LOOP_ANALYSIS = YES;
				CLANG_WARN_STRICT_PROTOTYPES = YES;
				CLANG_WARN_SUSPICIOUS_MOVE = YES;
				CLANG_WARN_UNGUARDED_AVAILABILITY = YES_AGGRESSIVE;
				CLANG_WARN_UNREACHABLE_CODE = YES;
				CLANG_WARN__DUPLICATE_METHOD_MATCH = YES;
				COPY_PHASE_STRIP = NO;
				DEBUG_INFORMATION_FORMAT = "dwarf-with-dsym";
				ENABLE_NS_ASSERTIONS = NO;
				ENABLE_STRICT_OBJC_MSGSEND = YES;
				GCC_C_LANGUAGE_STANDARD = gnu11;
				GCC_NO_COMMON_BLOCKS = YES;
				GCC_WARN_64_TO_32_BIT_CONVERSION = YES;
				GCC_WARN_ABOUT_RETURN_TYPE = YES_ERROR;
				GCC_WARN_UNDECLARED_SELECTOR = YES;
				GCC_WARN_UNINITIALIZED_AUTOS = YES_AGGRESSIVE;
				GCC_WARN_UNUSED_FUNCTION = YES;
				GCC_WARN_UNUSED_VARIABLE = YES;
				IPHONEOS_DEPLOYMENT_TARGET = 13.2;
				MTL_ENABLE_DEBUG_INFO = NO;
				MTL_FAST_MATH = YES;
				SDKROOT = iphoneos;
				SWIFT_COMPILATION_MODE = wholemodule;
				SWIFT_OPTIMIZATION_LEVEL = "-O";
				VALIDATE_PRODUCT = YES;
			};
			name = Release;
		};
		EFEE332F23E17A6500D6A180 /* Debug */ = {
			isa = XCBuildConfiguration;
			baseConfigurationReference = 8C1771CD6729AC756C236E21 /* Pods-RepoApp.debug.xcconfig */;
			buildSettings = {
				ASSETCATALOG_COMPILER_APPICON_NAME = AppIcon;
				CODE_SIGN_STYLE = Automatic;
				DEVELOPMENT_TEAM = MM33GLD8J3;
				INFOPLIST_FILE = RepoApp/Info.plist;
				LD_RUNPATH_SEARCH_PATHS = (
					"$(inherited)",
					"@executable_path/Frameworks",
				);
				PRODUCT_BUNDLE_IDENTIFIER = com.tat.slh.sample.RepoApp;
				PRODUCT_NAME = "$(TARGET_NAME)";
				SWIFT_VERSION = 5.0;
				TARGETED_DEVICE_FAMILY = "1,2";
			};
			name = Debug;
		};
		EFEE333023E17A6500D6A180 /* Release */ = {
			isa = XCBuildConfiguration;
			baseConfigurationReference = 9AF6EAF50B798F75083CAB29 /* Pods-RepoApp.release.xcconfig */;
			buildSettings = {
				ASSETCATALOG_COMPILER_APPICON_NAME = AppIcon;
				CODE_SIGN_STYLE = Automatic;
				DEVELOPMENT_TEAM = MM33GLD8J3;
				INFOPLIST_FILE = RepoApp/Info.plist;
				LD_RUNPATH_SEARCH_PATHS = (
					"$(inherited)",
					"@executable_path/Frameworks",
				);
				PRODUCT_BUNDLE_IDENTIFIER = com.tat.slh.sample.RepoApp;
				PRODUCT_NAME = "$(TARGET_NAME)";
				SWIFT_VERSION = 5.0;
				TARGETED_DEVICE_FAMILY = "1,2";
			};
			name = Release;
		};
/* End XCBuildConfiguration section */

/* Begin XCConfigurationList section */
		EFEE331523E17A6500D6A180 /* Build configuration list for PBXProject "RepoApp" */ = {
			isa = XCConfigurationList;
			buildConfigurations = (
				EFEE332C23E17A6500D6A180 /* Debug */,
				EFEE332D23E17A6500D6A180 /* Release */,
			);
			defaultConfigurationIsVisible = 0;
			defaultConfigurationName = Release;
		};
		EFEE332E23E17A6500D6A180 /* Build configuration list for PBXNativeTarget "RepoApp" */ = {
			isa = XCConfigurationList;
			buildConfigurations = (
				EFEE332F23E17A6500D6A180 /* Debug */,
				EFEE333023E17A6500D6A180 /* Release */,
			);
			defaultConfigurationIsVisible = 0;
			defaultConfigurationName = Release;
		};
/* End XCConfigurationList section */
	};
	rootObject = EFEE331223E17A6500D6A180 /* Project object */;
}
